
Microsoft Visual Studio Solution File, Format Version 12.00
# Visual Studio Version 17
VisualStudioVersion = 17.6.33801.468
MinimumVisualStudioVersion = 10.0.40219.1
Project("{9A19103F-16F7-4668-BE54-9A1E7A4F7556}") = "CLDVPOE", "CLDVPOE\CLDVPOE.csproj", "{628B37FC-ED2F-4DBF-9376-42C395844E92}"
EndProject
Global
	GlobalSection(SolutionConfigurationPlatforms) = preSolution
		Debug|Any CPU = Debug|Any CPU
		Release|Any CPU = Release|Any CPU
	EndGlobalSection
	GlobalSection(ProjectConfigurationPlatforms) = postSolution
		{628B37FC-ED2F-4DBF-9376-42C395844E92}.Debug|Any CPU.ActiveCfg = Debug|Any CPU
		{628B37FC-ED2F-4DBF-9376-42C395844E92}.Debug|Any CPU.Build.0 = Debug|Any CPU
		{628B37FC-ED2F-4DBF-9376-42C395844E92}.Release|Any CPU.ActiveCfg = Release|Any CPU
		{628B37FC-ED2F-4DBF-9376-42C395844E92}.Release|Any CPU.Build.0 = Release|Any CPU
	EndGlobalSection
	GlobalSection(SolutionProperties) = preSolution
		HideSolutionNode = FALSE
	EndGlobalSection
	GlobalSection(ExtensibilityGlobals) = postSolution
		SolutionGuid = {D9ADDAB3-6AF2-428D-9198-3946B054C596}
	EndGlobalSection
EndGlobal
